
Microsoft Visual Studio Solution File, Format Version 12.00
Project("{FAE04EC0-301F-11D3-BF4B-00C04F79EFBC}") = "UiFramework.Tests", "UiFramework.Tests\UiFramework.Tests.csproj", "{5B1FE48E-80EA-4B83-AD8E-8B12F3506731}"
EndProject
Project("{FAE04EC0-301F-11D3-BF4B-00C04F79EFBC}") = "UiFramework", "UiFramework\UiFramework.csproj", "{CA87A9B3-1946-4E81-8948-1778A374F491}"
EndProject
Project("{FAE04EC0-301F-11D3-BF4B-00C04F79EFBC}") = "UiFramework.JSX.SampleApp", "UiFramework.JSX.SampleApp\UiFramework.JSX.SampleApp.csproj", "{7E4357F5-5D12-4A54-932F-2D71B3093398}"
EndProject
Project("{FAE04EC0-301F-11D3-BF4B-00C04F79EFBC}") = "UiFramework.JSX", "UiFramework.JSX\UiFramework.JSX.csproj", "{224302A1-B919-4940-9A8C-CD7AAE16F733}"
EndProject
Project("{FAE04EC0-301F-11D3-BF4B-00C04F79EFBC}") = "UiFramework.JSX.Tests", "UiFramework.JSX.Tests\UiFramework.JSX.Tests.csproj", "{6230F35C-E5EC-4E69-9346-A1120D33EAD0}"
EndProject
Project("{FAE04EC0-301F-11D3-BF4B-00C04F79EFBC}") = "UiFramework.WPF", "UiFramework.WPF\UiFramework.WPF.csproj", "{E57134C1-49F6-4A69-A5FD-37A5955C01D4}"
EndProject
Project("{FAE04EC0-301F-11D3-BF4B-00C04F79EFBC}") = "UiFramework.SampleApp", "UiFramework.SampleApp\UiFramework.SampleApp.csproj", "{E9F54BB5-BB67-47B0-80D9-6B8CED610DBE}"
EndProject
Global
	GlobalSection(SolutionConfigurationPlatforms) = preSolution
		Debug|Any CPU = Debug|Any CPU
		Release|Any CPU = Release|Any CPU
	EndGlobalSection
	GlobalSection(ProjectConfigurationPlatforms) = postSolution
		{5B1FE48E-80EA-4B83-AD8E-8B12F3506731}.Debug|Any CPU.ActiveCfg = Debug|Any CPU
		{5B1FE48E-80EA-4B83-AD8E-8B12F3506731}.Debug|Any CPU.Build.0 = Debug|Any CPU
		{5B1FE48E-80EA-4B83-AD8E-8B12F3506731}.Release|Any CPU.ActiveCfg = Release|Any CPU
		{5B1FE48E-80EA-4B83-AD8E-8B12F3506731}.Release|Any CPU.Build.0 = Release|Any CPU
		{CA87A9B3-1946-4E81-8948-1778A374F491}.Debug|Any CPU.ActiveCfg = Debug|Any CPU
		{CA87A9B3-1946-4E81-8948-1778A374F491}.Debug|Any CPU.Build.0 = Debug|Any CPU
		{CA87A9B3-1946-4E81-8948-1778A374F491}.Release|Any CPU.ActiveCfg = Release|Any CPU
		{CA87A9B3-1946-4E81-8948-1778A374F491}.Release|Any CPU.Build.0 = Release|Any CPU
		{7E4357F5-5D12-4A54-932F-2D71B3093398}.Debug|Any CPU.ActiveCfg = Debug|Any CPU
		{7E4357F5-5D12-4A54-932F-2D71B3093398}.Debug|Any CPU.Build.0 = Debug|Any CPU
		{7E4357F5-5D12-4A54-932F-2D71B3093398}.Release|Any CPU.ActiveCfg = Release|Any CPU
		{7E4357F5-5D12-4A54-932F-2D71B3093398}.Release|Any CPU.Build.0 = Release|Any CPU
		{224302A1-B919-4940-9A8C-CD7AAE16F733}.Debug|Any CPU.ActiveCfg = Debug|Any CPU
		{224302A1-B919-4940-9A8C-CD7AAE16F733}.Debug|Any CPU.Build.0 = Debug|Any CPU
		{224302A1-B919-4940-9A8C-CD7AAE16F733}.Release|Any CPU.ActiveCfg = Release|Any CPU
		{224302A1-B919-4940-9A8C-CD7AAE16F733}.Release|Any CPU.Build.0 = Release|Any CPU
		{6230F35C-E5EC-4E69-9346-A1120D33EAD0}.Debug|Any CPU.ActiveCfg = Debug|Any CPU
		{6230F35C-E5EC-4E69-9346-A1120D33EAD0}.Debug|Any CPU.Build.0 = Debug|Any CPU
		{6230F35C-E5EC-4E69-9346-A1120D33EAD0}.Release|Any CPU.ActiveCfg = Release|Any CPU
		{6230F35C-E5EC-4E69-9346-A1120D33EAD0}.Release|Any CPU.Build.0 = Release|Any CPU
		{E57134C1-49F6-4A69-A5FD-37A5955C01D4}.Debug|Any CPU.ActiveCfg = Debug|Any CPU
		{E57134C1-49F6-4A69-A5FD-37A5955C01D4}.Debug|Any CPU.Build.0 = Debug|Any CPU
		{E57134C1-49F6-4A69-A5FD-37A5955C01D4}.Release|Any CPU.ActiveCfg = Release|Any CPU
		{E57134C1-49F6-4A69-A5FD-37A5955C01D4}.Release|Any CPU.Build.0 = Release|Any CPU
		{E9F54BB5-BB67-47B0-80D9-6B8CED610DBE}.Debug|Any CPU.ActiveCfg = Debug|Any CPU
		{E9F54BB5-BB67-47B0-80D9-6B8CED610DBE}.Debug|Any CPU.Build.0 = Debug|Any CPU
		{E9F54BB5-BB67-47B0-80D9-6B8CED610DBE}.Release|Any CPU.ActiveCfg = Release|Any CPU
		{E9F54BB5-BB67-47B0-80D9-6B8CED610DBE}.Release|Any CPU.Build.0 = Release|Any CPU
	EndGlobalSection
EndGlobal
